
Microsoft Visual Studio Solution File, Format Version 12.00
# Visual Studio Version 17
VisualStudioVersion = 17.5.002.0
MinimumVisualStudioVersion = 10.0.40219.1
Project("{9A19103F-16F7-4668-BE54-9A1E7A4F7556}") = "add_blazor_server", "add_blazor_server.csproj", "{9232B00E-24E1-45C1-BFBA-F80716EC6538}"
EndProject
Global
	GlobalSection(SolutionConfigurationPlatforms) = preSolution
		Debug|Any CPU = Debug|Any CPU
		Release|Any CPU = Release|Any CPU
	EndGlobalSection
	GlobalSection(ProjectConfigurationPlatforms) = postSolution
		{9232B00E-24E1-45C1-BFBA-F80716EC6538}.Debug|Any CPU.ActiveCfg = Debug|Any CPU
		{9232B00E-24E1-45C1-BFBA-F80716EC6538}.Debug|Any CPU.Build.0 = Debug|Any CPU
		{9232B00E-24E1-45C1-BFBA-F80716EC6538}.Release|Any CPU.ActiveCfg = Release|Any CPU
		{9232B00E-24E1-45C1-BFBA-F80716EC6538}.Release|Any CPU.Build.0 = Release|Any CPU
	EndGlobalSection
	GlobalSection(SolutionProperties) = preSolution
		HideSolutionNode = FALSE
	EndGlobalSection
	GlobalSection(ExtensibilityGlobals) = postSolution
		SolutionGuid = {7128BF93-1922-4474-B293-0A7900489984}
	EndGlobalSection
EndGlobal
